# THIS IS AN AUTOGENERATED FILE. DO NOT EDIT THIS FILE DIRECTLY.
# yarn lockfile v1


"@cspotcode/source-map-consumer@0.8.0":
  "integrity" "sha512-41qniHzTU8yAGbCp04ohlmSrZf8bkf/iJsl3V0dRGsQN/5GFfx+LbCSsCpp2gqrqjTVg/K6O8ycoV35JIwAzAg=="
  "resolved" "https://registry.npmjs.org/@cspotcode/source-map-consumer/-/source-map-consumer-0.8.0.tgz"
  "version" "0.8.0"

"@cspotcode/source-map-support@0.6.1":
  "integrity" "sha512-DX3Z+T5dt1ockmPdobJS/FAsQPW4V4SrWEhD2iYQT2Cb2tQsiMnYxrcUH9By/Z3B+v0S5LMBkQtV/XOBbpLEOg=="
  "resolved" "https://registry.npmjs.org/@cspotcode/source-map-support/-/source-map-support-0.6.1.tgz"
  "version" "0.6.1"
  dependencies:
    "@cspotcode/source-map-consumer" "0.8.0"

"@tsconfig/node10@^1.0.7":
  "integrity" "sha512-6XFfSQmMgq0CFLY1MslA/CPUfhIL919M1rMsa5lP2P097N2Wd1sSX0tx1u4olM16fLNhtHZpRhedZJphNJqmZg=="
  "resolved" "https://registry.npmjs.org/@tsconfig/node10/-/node10-1.0.8.tgz"
  "version" "1.0.8"

"@tsconfig/node12@^1.0.7":
  "integrity" "sha512-/yBMcem+fbvhSREH+s14YJi18sp7J9jpuhYByADT2rypfajMZZN4WQ6zBGgBKp53NKmqI36wFYDb3yaMPurITw=="
  "resolved" "https://registry.npmjs.org/@tsconfig/node12/-/node12-1.0.9.tgz"
  "version" "1.0.9"

"@tsconfig/node14@^1.0.0":
  "integrity" "sha512-509r2+yARFfHHE7T6Puu2jjkoycftovhXRqW328PDXTVGKihlb1P8Z9mMZH04ebyajfRY7dedfGynlrFHJUQCg=="
  "resolved" "https://registry.npmjs.org/@tsconfig/node14/-/node14-1.0.1.tgz"
  "version" "1.0.1"

"@tsconfig/node16@^1.0.2":
  "integrity" "sha512-eZxlbI8GZscaGS7kkc/trHTT5xgrjH3/1n2JDwusC9iahPKWMRvRjJSAN5mCXviuTGQ/lHnhvv8Q1YTpnfz9gA=="
  "resolved" "https://registry.npmjs.org/@tsconfig/node16/-/node16-1.0.2.tgz"
  "version" "1.0.2"

"@types/component-emitter@^1.2.10":
  "integrity" "sha512-bsjleuRKWmGqajMerkzox19aGbscQX5rmmvvXl3wlIp5gMG1HgkiwPxsN5p070fBDKTNSPgojVbuY1+HWMbFhg=="
  "resolved" "https://registry.npmjs.org/@types/component-emitter/-/component-emitter-1.2.10.tgz"
  "version" "1.2.10"

"@types/cookie@^0.4.0":
  "integrity" "sha512-XW/Aa8APYr6jSVVA1y/DEIZX0/GMKLEVekNG727R8cs56ahETkRAy/3DR7+fJyh7oUgGwNQaRfXCun0+KbWY7Q=="
  "resolved" "https://registry.npmjs.org/@types/cookie/-/cookie-0.4.1.tgz"
  "version" "0.4.1"

"@types/cors@^2.8.10":
  "integrity" "sha512-vt+kDhq/M2ayberEtJcIN/hxXy1Pk+59g2FV/ZQceeaTyCtCucjL2Q7FXlFjtWn4n15KCr1NE2lNNFhp0lEThw=="
  "resolved" "https://registry.npmjs.org/@types/cors/-/cors-2.8.12.tgz"
  "version" "2.8.12"

"@types/lodash@^4.14.172":
  "integrity" "sha512-/BHF5HAx3em7/KkzVKm3LrsD6HZAXuXO1AJZQ3cRRBZj4oHZDviWPYu0aEplAqDFNHZPW6d3G7KN+ONcCCC7pw=="
  "resolved" "https://registry.npmjs.org/@types/lodash/-/lodash-4.14.172.tgz"
  "version" "4.14.172"

"@types/node@*", "@types/node@^16.4.12", "@types/node@>=10.0.0":
  "integrity" "sha512-zxrTNFl9Z8boMJXs6ieqZP0wAhvkdzmHSxTlJabM16cf5G9xBc1uPRH5Bbv2omEDDiM8MzTfqTJXBf0Ba4xFWA=="
  "resolved" "https://registry.npmjs.org/@types/node/-/node-16.4.12.tgz"
  "version" "16.4.12"

"@types/node@^14.14.43":
  "integrity" "sha512-n2OQ+0Bz6WEsUjrvcHD1xZ8K+Kgo4cn9/w94s1bJS690QMUWfJPW/m7CCb7gPkA1fcYwL2UpjXP/rq/Eo41m6w=="
  "resolved" "https://registry.npmjs.org/@types/node/-/node-14.17.11.tgz"
  "version" "14.17.11"

"@types/socket.io@^3.0.2":
  "integrity" "sha512-pu0sN9m5VjCxBZVK8hW37ZcMe8rjn4HHggBN5CbaRTvFwv5jOmuIRZEuddsBPa9Th0ts0SIo3Niukq+95cMBbQ=="
  "resolved" "https://registry.npmjs.org/@types/socket.io/-/socket.io-3.0.2.tgz"
  "version" "3.0.2"
  dependencies:
    "socket.io" "*"

"@types/uuid@^8.3.1":
  "integrity" "sha512-Y2mHTRAbqfFkpjldbkHGY8JIzRN6XqYRliG8/24FcHm2D2PwW24fl5xMRTVGdrb7iMrwCaIEbLWerGIkXuFWVg=="
  "resolved" "https://registry.npmjs.org/@types/uuid/-/uuid-8.3.1.tgz"
  "version" "8.3.1"

"accepts@~1.3.4":
  "integrity" "sha512-Il80Qs2WjYlJIBNzNkK6KYqlVMTbZLXgHx2oT0pU/fjRHyEp+PEfEPY0R3WCwAGVOtauxh1hOxNgIf5bv7dQpA=="
  "resolved" "https://registry.npmjs.org/accepts/-/accepts-1.3.7.tgz"
  "version" "1.3.7"
  dependencies:
    "mime-types" "~2.1.24"
    "negotiator" "0.6.2"

"acorn-walk@^8.1.1":
  "integrity" "sha512-FbJdceMlPHEAWJOILDk1fXD8lnTlEIWFkqtfk+MvmL5q/qlHfN7GEHcsFZWt/Tea9jRNPWUZG4G976nqAAmU9w=="
  "resolved" "https://registry.npmjs.org/acorn-walk/-/acorn-walk-8.1.1.tgz"
  "version" "8.1.1"

"acorn@^8.4.1":
  "integrity" "sha512-asabaBSkEKosYKMITunzX177CXxQ4Q8BSSzMTKD+FefUhipQC70gfW5SiUDhYQ3vk8G+81HqQk7Fv9OXwwn9KA=="
  "resolved" "https://registry.npmjs.org/acorn/-/acorn-8.4.1.tgz"
  "version" "8.4.1"

"arg@^4.1.0":
  "integrity" "sha512-58S9QDqG0Xx27YwPSt9fJxivjYl432YCwfDMfZ+71RAqUrZef7LrKQZ3LHLOwCS4FLNBplP533Zx895SeOCHvA=="
  "resolved" "https://registry.npmjs.org/arg/-/arg-4.1.3.tgz"
  "version" "4.1.3"

"awaitqueue@^2.3.3":
  "integrity" "sha512-RbzQg6VtPUtyErm55iuQLTrBJ2uihy5BKBOEkyBwv67xm5Fn2o/j+Bz+a5BmfSoe2oZ5dcz9Z3fExS8pL+LLhw=="
  "resolved" "https://registry.npmjs.org/awaitqueue/-/awaitqueue-2.3.3.tgz"
  "version" "2.3.3"

"base64-arraybuffer@0.1.4":
  "integrity" "sha1-mBjHngWbE1X5fgQooBfIOOkLqBI="
  "resolved" "https://registry.npmjs.org/base64-arraybuffer/-/base64-arraybuffer-0.1.4.tgz"
  "version" "0.1.4"

"base64id@~2.0.0", "base64id@2.0.0":
  "integrity" "sha512-lGe34o6EHj9y3Kts9R4ZYs/Gr+6N7MCaMlIFA3F1R2O5/m7K06AxfSeO5530PEERE6/WyEg3lsuyw4GHlPZHog=="
  "resolved" "https://registry.npmjs.org/base64id/-/base64id-2.0.0.tgz"
  "version" "2.0.0"

"component-emitter@~1.3.0":
  "integrity" "sha512-Rd3se6QB+sO1TwqZjscQrurpEPIfO0/yYnSin6Q/rD3mOutHvUrCAhJub3r90uNb+SESBuE0QYoB90YdfatsRg=="
  "resolved" "https://registry.npmjs.org/component-emitter/-/component-emitter-1.3.0.tgz"
  "version" "1.3.0"

"cookie@~0.4.1":
  "integrity" "sha512-ZwrFkGJxUR3EIoXtO+yVE69Eb7KlixbaeAWfBQB9vVsNn/o+Yw69gBWSSDK825hQNdN+wF8zELf3dFNl/kxkUA=="
  "resolved" "https://registry.npmjs.org/cookie/-/cookie-0.4.1.tgz"
  "version" "0.4.1"

"cors@~2.8.5":
  "integrity" "sha512-KIHbLJqu73RGr/hnbrO9uBeixNGuvSQjul/jdFvS/KFSIH1hWVd1ng7zOHx+YrEfInLG7q4n6GHQ9cDtxv/P6g=="
  "resolved" "https://registry.npmjs.org/cors/-/cors-2.8.5.tgz"
  "version" "2.8.5"
  dependencies:
    "object-assign" "^4"
    "vary" "^1"

"create-require@^1.1.0":
  "integrity" "sha512-dcKFX3jn0MpIaXjisoRvexIJVEKzaq7z2rZKxf+MSr9TkdmHmsU4m2lcLojrj/FHl8mk5VxMmYA+ftRkP/3oKQ=="
  "resolved" "https://registry.npmjs.org/create-require/-/create-require-1.1.1.tgz"
  "version" "1.1.1"

"debug@^4.1.1", "debug@^4.3.2", "debug@~4.3.1":
  "integrity" "sha512-mOp8wKcvj7XxC78zLgw/ZA+6TSgkoE2C/ienthhRD298T7UNwAg9diBpLRxC0mOezLl4B0xV7M0cCO6P/O0Xhw=="
  "resolved" "https://registry.npmjs.org/debug/-/debug-4.3.2.tgz"
  "version" "4.3.2"
  dependencies:
    "ms" "2.1.2"

"diff@^4.0.1":
  "integrity" "sha512-58lmxKSA4BNyLz+HHMUzlOEpg09FV+ev6ZMe3vJihgdxzgcwZ8VoEEPmALCZG9LmqfVoNMMKpttIYTVG6uDY7A=="
  "resolved" "https://registry.npmjs.org/diff/-/diff-4.0.2.tgz"
  "version" "4.0.2"

"engine.io-parser@~4.0.0":
  "integrity" "sha512-sHfEQv6nmtJrq6TKuIz5kyEKH/qSdK56H/A+7DnAuUPWosnIZAS2NHNcPLmyjtY3cGS/MqJdZbUjW97JU72iYg=="
  "resolved" "https://registry.npmjs.org/engine.io-parser/-/engine.io-parser-4.0.2.tgz"
  "version" "4.0.2"
  dependencies:
    "base64-arraybuffer" "0.1.4"

"engine.io@~5.1.1":
  "integrity" "sha512-aMWot7H5aC8L4/T8qMYbLdvKlZOdJTH54FxfdFunTGvhMx1BHkJOntWArsVfgAZVwAO9LC2sryPWRcEeUzCe5w=="
  "resolved" "https://registry.npmjs.org/engine.io/-/engine.io-5.1.1.tgz"
  "version" "5.1.1"
  dependencies:
    "accepts" "~1.3.4"
    "base64id" "2.0.0"
    "cookie" "~0.4.1"
    "cors" "~2.8.5"
    "debug" "~4.3.1"
    "engine.io-parser" "~4.0.0"
    "ws" "~7.4.2"

"h264-profile-level-id@^1.0.1":
  "integrity" "sha512-D3Rln/jKNjKDW5ZTJTK3niSoOGE+pFqPvRHHVgQN3G7umcn/zWGPUo8Q8VpDj16x3hKz++zVviRNRmXu5cpN+Q=="
  "resolved" "https://registry.npmjs.org/h264-profile-level-id/-/h264-profile-level-id-1.0.1.tgz"
  "version" "1.0.1"
  dependencies:
    "debug" "^4.1.1"

"has-flag@^5.0.0":
  "integrity" "sha512-CsNUt5x9LUdx6hnk/E2SZLsDyvfqANZSUq4+D3D8RzDJ2M+HDTIkF60ibS1vHaK55vzgiZw1bEPFG9yH7l33wA=="
  "resolved" "https://registry.npmjs.org/has-flag/-/has-flag-5.0.1.tgz"
  "version" "5.0.1"

"lodash@^4.17.21":
  "integrity" "sha512-v2kDEe57lecTulaDIuNTPy3Ry4gLGJ6Z1O3vE1krgXZNrsQ+LFTGHVxVjcXPs17LhbZVGedAJv8XZ1tvj5FvSg=="
  "resolved" "https://registry.npmjs.org/lodash/-/lodash-4.17.21.tgz"
  "version" "4.17.21"

"make-error@^1.1.1":
  "integrity" "sha512-s8UhlNe7vPKomQhC1qFelMokr/Sc3AgNbso3n74mVPA5LTZwkB9NlXf4XPamLxJE8h0gh73rM94xvwRT2CVInw=="
  "resolved" "https://registry.npmjs.org/make-error/-/make-error-1.3.6.tgz"
  "version" "1.3.6"

"mediasoup@^3.8.3":
  "integrity" "sha512-bkp6Ph2VTq+J0G4e4usbSqfGsHxbBAji6pK0UEhyPPUsyYad9cw9eV0vvSdPXQKLbbelhhLN2iO8DzYSFcF7Qw=="
  "resolved" "https://registry.npmjs.org/mediasoup/-/mediasoup-3.8.3.tgz"
  "version" "3.8.3"
  dependencies:
    "@types/node" "^14.14.43"
    "awaitqueue" "^2.3.3"
    "debug" "^4.3.2"
    "h264-profile-level-id" "^1.0.1"
    "netstring" "^0.3.0"
    "random-number" "^0.0.9"
    "supports-color" "^9.0.2"
    "uuid" "^8.3.2"

"mime-db@1.49.0":
  "integrity" "sha512-CIc8j9URtOVApSFCQIF+VBkX1RwXp/oMMOrqdyXSBXq5RWNEsRfyj1kiRnQgmNXmHxPoFIxOroKA3zcU9P+nAA=="
  "resolved" "https://registry.npmjs.org/mime-db/-/mime-db-1.49.0.tgz"
  "version" "1.49.0"

"mime-types@~2.1.24":
  "integrity" "sha512-hJGaVS4G4c9TSMYh2n6SQAGrC4RnfU+daP8G7cSCmaqNjiOoUY0VHCMS42pxnQmVF1GWwFhbHWn3RIxCqTmZ9A=="
  "resolved" "https://registry.npmjs.org/mime-types/-/mime-types-2.1.32.tgz"
  "version" "2.1.32"
  dependencies:
    "mime-db" "1.49.0"

"ms@2.1.2":
  "integrity" "sha512-sGkPx+VjMtmA6MX27oA4FBFELFCZZ4S4XqeGOXCv68tT+jb3vk/RyaKWP0PTKyWtmLSM0b+adUTEvbs1PEaH2w=="
  "resolved" "https://registry.npmjs.org/ms/-/ms-2.1.2.tgz"
  "version" "2.1.2"

"negotiator@0.6.2":
  "integrity" "sha512-hZXc7K2e+PgeI1eDBe/10Ard4ekbfrrqG8Ep+8Jmf4JID2bNg7NvCPOZN+kfF574pFQI7mum2AUqDidoKqcTOw=="
  "resolved" "https://registry.npmjs.org/negotiator/-/negotiator-0.6.2.tgz"
  "version" "0.6.2"

"netstring@^0.3.0":
  "integrity" "sha1-ho3FsgxY0/cwVTHUk2jqqr0ZtxI="
  "resolved" "https://registry.npmjs.org/netstring/-/netstring-0.3.0.tgz"
  "version" "0.3.0"

"object-assign@^4":
  "integrity" "sha1-IQmtx5ZYh8/AXLvUQsrIv7s2CGM="
  "resolved" "https://registry.npmjs.org/object-assign/-/object-assign-4.1.1.tgz"
  "version" "4.1.1"

"random-number@^0.0.9":
  "integrity" "sha512-ipG3kRCREi/YQpi2A5QGcvDz1KemohovWmH6qGfboVyyGdR2t/7zQz0vFxrfxpbHQgPPdtVlUDaks3aikD1Ljw=="
  "resolved" "https://registry.npmjs.org/random-number/-/random-number-0.0.9.tgz"
  "version" "0.0.9"

"socket.io-adapter@~2.3.1":
  "integrity" "sha512-8cVkRxI8Nt2wadkY6u60Y4rpW3ejA1rxgcK2JuyIhmF+RMNpTy1QRtkHIDUOf3B4HlQwakMsWbKftMv/71VMmw=="
  "resolved" "https://registry.npmjs.org/socket.io-adapter/-/socket.io-adapter-2.3.1.tgz"
  "version" "2.3.1"

"socket.io-parser@~4.0.4":
  "integrity" "sha512-t+b0SS+IxG7Rxzda2EVvyBZbvFPBCjJoyHuE0P//7OAsN23GItzDRdWa6ALxZI/8R5ygK7jAR6t028/z+7295g=="
  "resolved" "https://registry.npmjs.org/socket.io-parser/-/socket.io-parser-4.0.4.tgz"
  "version" "4.0.4"
  dependencies:
    "@types/component-emitter" "^1.2.10"
    "component-emitter" "~1.3.0"
    "debug" "~4.3.1"

"socket.io@*", "socket.io@^4.1.3":
  "integrity" "sha512-tLkaY13RcO4nIRh1K2hT5iuotfTaIQw7cVIe0FUykN3SuQi0cm7ALxuyT5/CtDswOMWUzMGTibxYNx/gU7In+Q=="
  "resolved" "https://registry.npmjs.org/socket.io/-/socket.io-4.1.3.tgz"
  "version" "4.1.3"
  dependencies:
    "@types/cookie" "^0.4.0"
    "@types/cors" "^2.8.10"
    "@types/node" ">=10.0.0"
    "accepts" "~1.3.4"
    "base64id" "~2.0.0"
    "debug" "~4.3.1"
    "engine.io" "~5.1.1"
    "socket.io-adapter" "~2.3.1"
    "socket.io-parser" "~4.0.4"

"supports-color@^9.0.2":
  "integrity" "sha512-ii6tc8ImGFrgMPYq7RVAMKkhPo9vk8uA+D3oKbJq/3Pk2YSMv1+9dUAesa9UxMbxBTvxwKTQffBahNVNxEvM8Q=="
  "resolved" "https://registry.npmjs.org/supports-color/-/supports-color-9.0.2.tgz"
  "version" "9.0.2"
  dependencies:
    "has-flag" "^5.0.0"

"ts-node@^10.2.0":
  "integrity" "sha512-FstYHtQz6isj8rBtYMN4bZdnXN1vq4HCbqn9vdNQcInRqtB86PePJQIxE6es0PhxKWhj2PHuwbG40H+bxkZPmg=="
  "resolved" "https://registry.npmjs.org/ts-node/-/ts-node-10.2.0.tgz"
  "version" "10.2.0"
  dependencies:
    "@cspotcode/source-map-support" "0.6.1"
    "@tsconfig/node10" "^1.0.7"
    "@tsconfig/node12" "^1.0.7"
    "@tsconfig/node14" "^1.0.0"
    "@tsconfig/node16" "^1.0.2"
    "acorn" "^8.4.1"
    "acorn-walk" "^8.1.1"
    "arg" "^4.1.0"
    "create-require" "^1.1.0"
    "diff" "^4.0.1"
    "make-error" "^1.1.1"
    "yn" "3.1.1"

"typescript@^4.3.5", "typescript@>=2.7":
  "integrity" "sha512-DqQgihaQ9cUrskJo9kIyW/+g0Vxsk8cDtZ52a3NGh0YNTfpUSArXSohyUGnvbPazEPLu398C0UxmKSOrPumUzA=="
  "resolved" "https://registry.npmjs.org/typescript/-/typescript-4.3.5.tgz"
  "version" "4.3.5"

"uuid@^8.3.2":
  "integrity" "sha512-+NYs2QeMWy+GWFOEm9xnn6HCDp0l7QBD7ml8zLUmJ+93Q5NF0NocErnwkTkXVFNiX3/fpC6afS8Dhb/gz7R7eg=="
  "resolved" "https://registry.npmjs.org/uuid/-/uuid-8.3.2.tgz"
  "version" "8.3.2"

"vary@^1":
  "integrity" "sha1-IpnwLG3tMNSllhsLn3RSShj2NPw="
  "resolved" "https://registry.npmjs.org/vary/-/vary-1.1.2.tgz"
  "version" "1.1.2"

"ws@~7.4.2":
  "integrity" "sha512-YmhHDO4MzaDLB+M9ym/mDA5z0naX8j7SIlT8f8z+I0VtzsRbekxEutHSme7NPS2qE8StCYQNUnfWdXta/Yu85A=="
  "resolved" "https://registry.npmjs.org/ws/-/ws-7.4.6.tgz"
  "version" "7.4.6"

"yn@3.1.1":
  "integrity" "sha512-Ux4ygGWsu2c7isFWe8Yu1YluJmqVhxqK2cLXNQA5AcC3QfbGNpM7fu0Y8b/z16pXLnFxZYvWhd3fhBY9DLmC6Q=="
  "resolved" "https://registry.npmjs.org/yn/-/yn-3.1.1.tgz"
  "version" "3.1.1"
